// !$*UTF8*$!
{
	archiveVersion = 1;
	classes = {
	};
	objectVersion = 50;
	objects = {

/* Begin PBXBuildFile section */
		97A5DDDE21066674002FB912 /* AppDelegate.swift in Sources */ = {isa = PBXBuildFile; fileRef = 97A5DDDD21066674002FB912 /* AppDelegate.swift */; };
		97A5DDE021066674002FB912 /* FamilyMembersViewController.swift in Sources */ = {isa = PBXBuildFile; fileRef = 97A5DDDF21066674002FB912 /* FamilyMembersViewController.swift */; };
		97A5DDE321066674002FB912 /* Main.storyboard in Resources */ = {isa = PBXBuildFile; fileRef = 97A5DDE121066674002FB912 /* Main.storyboard */; };
		97A5DDE521066675002FB912 /* Assets.xcassets in Resources */ = {isa = PBXBuildFile; fileRef = 97A5DDE421066675002FB912 /* Assets.xcassets */; };
		97A5DDE821066675002FB912 /* LaunchScreen.storyboard in Resources */ = {isa = PBXBuildFile; fileRef = 97A5DDE621066675002FB912 /* LaunchScreen.storyboard */; };
		97A5DDF2210666EB002FB912 /* AddMovieDelegate.swift in Sources */ = {isa = PBXBuildFile; fileRef = 97A5DDF1210666EB002FB912 /* AddMovieDelegate.swift */; };
		97A5DDF42106670D002FB912 /* AddFamilyMemberDelegate.swift in Sources */ = {isa = PBXBuildFile; fileRef = 97A5DDF32106670D002FB912 /* AddFamilyMemberDelegate.swift */; };
		97A5DDF621066782002FB912 /* MoviesViewController.swift in Sources */ = {isa = PBXBuildFile; fileRef = 97A5DDF521066782002FB912 /* MoviesViewController.swift */; };
		97A5DDF8210667A6002FB912 /* AddFamilyMemberViewController.swift in Sources */ = {isa = PBXBuildFile; fileRef = 97A5DDF7210667A6002FB912 /* AddFamilyMemberViewController.swift */; };
		97A5DDFA210667BD002FB912 /* AddMovieViewController.swift in Sources */ = {isa = PBXBuildFile; fileRef = 97A5DDF9210667BD002FB912 /* AddMovieViewController.swift */; };
		BFEFFEFC59D1326AA0429585 /* Pods_MustC.framework in Frameworks */ = {isa = PBXBuildFile; fileRef = 63D6D9975C1F51E66AA80B17 /* Pods_MustC.framework */; };
		F208C06F268A48C300E9B23F /* MovieDBHelper.swift in Sources */ = {isa = PBXBuildFile; fileRef = F208C06E268A48C200E9B23F /* MovieDBHelper.swift */; };
		F208C073268A4D3E00E9B23F /* MovieDBResponse.swift in Sources */ = {isa = PBXBuildFile; fileRef = F208C072268A4D3E00E9B23F /* MovieDBResponse.swift */; };
		F24A6B3C268CD0CC00399613 /* SecretCredentials.stencil in Resources */ = {isa = PBXBuildFile; fileRef = F24A6B3B268CD0CC00399613 /* SecretCredentials.stencil */; };
		F24A6B4A268CD73500399613 /* SecretCredentials.generated.swift in Sources */ = {isa = PBXBuildFile; fileRef = F24A6B49268CD73500399613 /* SecretCredentials.generated.swift */; };
		F24A6B4E268CDFE000399613 /* README.md in Resources */ = {isa = PBXBuildFile; fileRef = F24A6B4D268CDFE000399613 /* README.md */; };
		F29CE7052688392700A4BD4F /* NSPersistentContainer.swift in Sources */ = {isa = PBXBuildFile; fileRef = F29CE7042688392700A4BD4F /* NSPersistentContainer.swift */; };
		F29CE70A26883BB800A4BD4F /* PersistentContainerRequiring.swift in Sources */ = {isa = PBXBuildFile; fileRef = F29CE70926883BB800A4BD4F /* PersistentContainerRequiring.swift */; };
		F29CE70F26883E8400A4BD4F /* MustC.xcdatamodeld in Sources */ = {isa = PBXBuildFile; fileRef = F29CE70D26883E8400A4BD4F /* MustC.xcdatamodeld */; };
		F29CE715268845EC00A4BD4F /* FamilyMember+CoreDataClass.swift in Sources */ = {isa = PBXBuildFile; fileRef = F29CE711268845EC00A4BD4F /* FamilyMember+CoreDataClass.swift */; };
		F29CE716268845EC00A4BD4F /* FamilyMember+CoreDataProperties.swift in Sources */ = {isa = PBXBuildFile; fileRef = F29CE712268845EC00A4BD4F /* FamilyMember+CoreDataProperties.swift */; };
		F29CE717268845EC00A4BD4F /* Movie+CoreDataClass.swift in Sources */ = {isa = PBXBuildFile; fileRef = F29CE713268845EC00A4BD4F /* Movie+CoreDataClass.swift */; };
		F29CE718268845EC00A4BD4F /* Movie+CoreDataProperties.swift in Sources */ = {isa = PBXBuildFile; fileRef = F29CE714268845EC00A4BD4F /* Movie+CoreDataProperties.swift */; };
		F29CE71C2688475000A4BD4F /* NSManagedObjectContext.swift in Sources */ = {isa = PBXBuildFile; fileRef = F29CE71B2688475000A4BD4F /* NSManagedObjectContext.swift */; };
/* End PBXBuildFile section */

/* Begin PBXFileReference section */
		04C7BB3A95384364A0072654 /* Pods-MustC.release.xcconfig */ = {isa = PBXFileReference; includeInIndex = 1; lastKnownFileType = text.xcconfig; name = "Pods-MustC.release.xcconfig"; path = "Target Support Files/Pods-MustC/Pods-MustC.release.xcconfig"; sourceTree = "<group>"; };
		4CA652B67C866AD5226C1118 /* Pods-MustC.debug.xcconfig */ = {isa = PBXFileReference; includeInIndex = 1; lastKnownFileType = text.xcconfig; name = "Pods-MustC.debug.xcconfig"; path = "Target Support Files/Pods-MustC/Pods-MustC.debug.xcconfig"; sourceTree = "<group>"; };
		63D6D9975C1F51E66AA80B17 /* Pods_MustC.framework */ = {isa = PBXFileReference; explicitFileType = wrapper.framework; includeInIndex = 0; path = Pods_MustC.framework; sourceTree = BUILT_PRODUCTS_DIR; };
		97A5DDDA21066674002FB912 /* MustC.app */ = {isa = PBXFileReference; explicitFileType = wrapper.application; includeInIndex = 0; path = MustC.app; sourceTree = BUILT_PRODUCTS_DIR; };
		97A5DDDD21066674002FB912 /* AppDelegate.swift */ = {isa = PBXFileReference; lastKnownFileType = sourcecode.swift; path = AppDelegate.swift; sourceTree = "<group>"; };
		97A5DDDF21066674002FB912 /* FamilyMembersViewController.swift */ = {isa = PBXFileReference; lastKnownFileType = sourcecode.swift; path = FamilyMembersViewController.swift; sourceTree = "<group>"; };
		97A5DDE221066674002FB912 /* Base */ = {isa = PBXFileReference; lastKnownFileType = file.storyboard; name = Base; path = Base.lproj/Main.storyboard; sourceTree = "<group>"; };
		97A5DDE421066675002FB912 /* Assets.xcassets */ = {isa = PBXFileReference; lastKnownFileType = folder.assetcatalog; path = Assets.xcassets; sourceTree = "<group>"; };
		97A5DDE721066675002FB912 /* Base */ = {isa = PBXFileReference; lastKnownFileType = file.storyboard; name = Base; path = Base.lproj/LaunchScreen.storyboard; sourceTree = "<group>"; };
		97A5DDE921066675002FB912 /* Info.plist */ = {isa = PBXFileReference; lastKnownFileType = text.plist.xml; path = Info.plist; sourceTree = "<group>"; };
		97A5DDF1210666EB002FB912 /* AddMovieDelegate.swift */ = {isa = PBXFileReference; lastKnownFileType = sourcecode.swift; path = AddMovieDelegate.swift; sourceTree = "<group>"; };
		97A5DDF32106670D002FB912 /* AddFamilyMemberDelegate.swift */ = {isa = PBXFileReference; lastKnownFileType = sourcecode.swift; path = AddFamilyMemberDelegate.swift; sourceTree = "<group>"; };
		97A5DDF521066782002FB912 /* MoviesViewController.swift */ = {isa = PBXFileReference; lastKnownFileType = sourcecode.swift; path = MoviesViewController.swift; sourceTree = "<group>"; };
		97A5DDF7210667A6002FB912 /* AddFamilyMemberViewController.swift */ = {isa = PBXFileReference; lastKnownFileType = sourcecode.swift; path = AddFamilyMemberViewController.swift; sourceTree = "<group>"; };
		97A5DDF9210667BD002FB912 /* AddMovieViewController.swift */ = {isa = PBXFileReference; lastKnownFileType = sourcecode.swift; path = AddMovieViewController.swift; sourceTree = "<group>"; };
		F208C06E268A48C200E9B23F /* MovieDBHelper.swift */ = {isa = PBXFileReference; lastKnownFileType = sourcecode.swift; path = MovieDBHelper.swift; sourceTree = "<group>"; };
		F208C072268A4D3E00E9B23F /* MovieDBResponse.swift */ = {isa = PBXFileReference; lastKnownFileType = sourcecode.swift; path = MovieDBResponse.swift; sourceTree = "<group>"; };
		F24A6B3B268CD0CC00399613 /* SecretCredentials.stencil */ = {isa = PBXFileReference; lastKnownFileType = text; path = SecretCredentials.stencil; sourceTree = "<group>"; };
		F24A6B49268CD73500399613 /* SecretCredentials.generated.swift */ = {isa = PBXFileReference; fileEncoding = 4; lastKnownFileType = sourcecode.swift; path = SecretCredentials.generated.swift; sourceTree = "<group>"; };
		F24A6B4D268CDFE000399613 /* README.md */ = {isa = PBXFileReference; fileEncoding = 4; lastKnownFileType = net.daringfireball.markdown; path = README.md; sourceTree = "<group>"; };
		F29CE7042688392700A4BD4F /* NSPersistentContainer.swift */ = {isa = PBXFileReference; lastKnownFileType = sourcecode.swift; path = NSPersistentContainer.swift; sourceTree = "<group>"; };
		F29CE70926883BB800A4BD4F /* PersistentContainerRequiring.swift */ = {isa = PBXFileReference; lastKnownFileType = sourcecode.swift; path = PersistentContainerRequiring.swift; sourceTree = "<group>"; };
		F29CE70E26883E8400A4BD4F /* MustC.xcdatamodel */ = {isa = PBXFileReference; lastKnownFileType = wrapper.xcdatamodel; path = MustC.xcdatamodel; sourceTree = "<group>"; };
		F29CE711268845EC00A4BD4F /* FamilyMember+CoreDataClass.swift */ = {isa = PBXFileReference; lastKnownFileType = sourcecode.swift; path = "FamilyMember+CoreDataClass.swift"; sourceTree = "<group>"; };
		F29CE712268845EC00A4BD4F /* FamilyMember+CoreDataProperties.swift */ = {isa = PBXFileReference; lastKnownFileType = sourcecode.swift; path = "FamilyMember+CoreDataProperties.swift"; sourceTree = "<group>"; };
		F29CE713268845EC00A4BD4F /* Movie+CoreDataClass.swift */ = {isa = PBXFileReference; lastKnownFileType = sourcecode.swift; path = "Movie+CoreDataClass.swift"; sourceTree = "<group>"; };
		F29CE714268845EC00A4BD4F /* Movie+CoreDataProperties.swift */ = {isa = PBXFileReference; lastKnownFileType = sourcecode.swift; path = "Movie+CoreDataProperties.swift"; sourceTree = "<group>"; };
		F29CE71B2688475000A4BD4F /* NSManagedObjectContext.swift */ = {isa = PBXFileReference; lastKnownFileType = sourcecode.swift; path = NSManagedObjectContext.swift; sourceTree = "<group>"; };
/* End PBXFileReference section */

/* Begin PBXFrameworksBuildPhase section */
		97A5DDD721066674002FB912 /* Frameworks */ = {
			isa = PBXFrameworksBuildPhase;
			buildActionMask = 2147483647;
			files = (
				BFEFFEFC59D1326AA0429585 /* Pods_MustC.framework in Frameworks */,
			);
			runOnlyForDeploymentPostprocessing = 0;
		};
/* End PBXFrameworksBuildPhase section */

/* Begin PBXGroup section */
		8865A610223586790614AA80 /* Frameworks */ = {
			isa = PBXGroup;
			children = (
				63D6D9975C1F51E66AA80B17 /* Pods_MustC.framework */,
			);
			name = Frameworks;
			sourceTree = "<group>";
		};
		97A5DDD121066673002FB912 = {
			isa = PBXGroup;
			children = (
				F24A6B4D268CDFE000399613 /* README.md */,
				F29CE711268845EC00A4BD4F /* FamilyMember+CoreDataClass.swift */,
				F29CE712268845EC00A4BD4F /* FamilyMember+CoreDataProperties.swift */,
				F29CE713268845EC00A4BD4F /* Movie+CoreDataClass.swift */,
				F29CE714268845EC00A4BD4F /* Movie+CoreDataProperties.swift */,
				97A5DDDC21066674002FB912 /* MustC */,
				97A5DDDB21066674002FB912 /* Products */,
				9ADA759E30283D5352F6BB64 /* Pods */,
				8865A610223586790614AA80 /* Frameworks */,
			);
			sourceTree = "<group>";
		};
		97A5DDDB21066674002FB912 /* Products */ = {
			isa = PBXGroup;
			children = (
				97A5DDDA21066674002FB912 /* MustC.app */,
			);
			name = Products;
			sourceTree = "<group>";
		};
		97A5DDDC21066674002FB912 /* MustC */ = {
			isa = PBXGroup;
			children = (
				F24A6B48268CD73500399613 /* Generated */,
				F24A6B3A268CD09200399613 /* Templates */,
				F208C06D268A485900E9B23F /* Helper */,
				F29CE7032688390F00A4BD4F /* Extensions */,
				97A5DDF021066699002FB912 /* ViewControllers */,
				97A5DDEF21066691002FB912 /* Protocols */,
				97A5DDDD21066674002FB912 /* AppDelegate.swift */,
				97A5DDE121066674002FB912 /* Main.storyboard */,
				97A5DDE421066675002FB912 /* Assets.xcassets */,
				97A5DDE621066675002FB912 /* LaunchScreen.storyboard */,
				97A5DDE921066675002FB912 /* Info.plist */,
				F29CE70D26883E8400A4BD4F /* MustC.xcdatamodeld */,
			);
			path = MustC;
			sourceTree = "<group>";
		};
		97A5DDEF21066691002FB912 /* Protocols */ = {
			isa = PBXGroup;
			children = (
				97A5DDF1210666EB002FB912 /* AddMovieDelegate.swift */,
				97A5DDF32106670D002FB912 /* AddFamilyMemberDelegate.swift */,
				F29CE70926883BB800A4BD4F /* PersistentContainerRequiring.swift */,
			);
			path = Protocols;
			sourceTree = "<group>";
		};
		97A5DDF021066699002FB912 /* ViewControllers */ = {
			isa = PBXGroup;
			children = (
				97A5DDDF21066674002FB912 /* FamilyMembersViewController.swift */,
				97A5DDF521066782002FB912 /* MoviesViewController.swift */,
				97A5DDF7210667A6002FB912 /* AddFamilyMemberViewController.swift */,
				97A5DDF9210667BD002FB912 /* AddMovieViewController.swift */,
			);
			path = ViewControllers;
			sourceTree = "<group>";
		};
		9ADA759E30283D5352F6BB64 /* Pods */ = {
			isa = PBXGroup;
			children = (
				4CA652B67C866AD5226C1118 /* Pods-MustC.debug.xcconfig */,
				04C7BB3A95384364A0072654 /* Pods-MustC.release.xcconfig */,
			);
			path = Pods;
			sourceTree = "<group>";
		};
		F208C06D268A485900E9B23F /* Helper */ = {
			isa = PBXGroup;
			children = (
				F208C06E268A48C200E9B23F /* MovieDBHelper.swift */,
				F208C072268A4D3E00E9B23F /* MovieDBResponse.swift */,
			);
			path = Helper;
			sourceTree = "<group>";
		};
		F24A6B3A268CD09200399613 /* Templates */ = {
			isa = PBXGroup;
			children = (
				F24A6B3B268CD0CC00399613 /* SecretCredentials.stencil */,
			);
			path = Templates;
			sourceTree = "<group>";
		};
		F24A6B48268CD73500399613 /* Generated */ = {
			isa = PBXGroup;
			children = (
				F24A6B49268CD73500399613 /* SecretCredentials.generated.swift */,
			);
			path = Generated;
			sourceTree = "<group>";
		};
		F29CE7032688390F00A4BD4F /* Extensions */ = {
			isa = PBXGroup;
			children = (
				F29CE7042688392700A4BD4F /* NSPersistentContainer.swift */,
				F29CE71B2688475000A4BD4F /* NSManagedObjectContext.swift */,
			);
			path = Extensions;
			sourceTree = "<group>";
		};
/* End PBXGroup section */

/* Begin PBXNativeTarget section */
		97A5DDD921066674002FB912 /* MustC */ = {
			isa = PBXNativeTarget;
			buildConfigurationList = 97A5DDEC21066675002FB912 /* Build configuration list for PBXNativeTarget "MustC" */;
			buildPhases = (
				DD28030A652C1E52012BEEEF /* [CP] Check Pods Manifest.lock */,
				F24A6B41268CD20A00399613 /* Generate Secret Credentials */,
				97A5DDD621066674002FB912 /* Sources */,
				97A5DDD721066674002FB912 /* Frameworks */,
				97A5DDD821066674002FB912 /* Resources */,
			);
			buildRules = (
			);
			dependencies = (
			);
			name = MustC;
			productName = MustC;
			productReference = 97A5DDDA21066674002FB912 /* MustC.app */;
			productType = "com.apple.product-type.application";
		};
/* End PBXNativeTarget section */

/* Begin PBXProject section */
		97A5DDD221066673002FB912 /* Project object */ = {
			isa = PBXProject;
			attributes = {
				LastSwiftUpdateCheck = 1000;
				LastUpgradeCheck = 1200;
				ORGANIZATIONNAME = DonnyWals;
				TargetAttributes = {
					97A5DDD921066674002FB912 = {
						CreatedOnToolsVersion = 10.0;
						LastSwiftMigration = 1200;
					};
				};
			};
			buildConfigurationList = 97A5DDD521066673002FB912 /* Build configuration list for PBXProject "MustC" */;
			compatibilityVersion = "Xcode 9.3";
			developmentRegion = en;
			hasScannedForEncodings = 0;
			knownRegions = (
				en,
				Base,
			);
			mainGroup = 97A5DDD121066673002FB912;
			productRefGroup = 97A5DDDB21066674002FB912 /* Products */;
			projectDirPath = "";
			projectRoot = "";
			targets = (
				97A5DDD921066674002FB912 /* MustC */,
			);
		};
/* End PBXProject section */

/* Begin PBXResourcesBuildPhase section */
		97A5DDD821066674002FB912 /* Resources */ = {
			isa = PBXResourcesBuildPhase;
			buildActionMask = 2147483647;
			files = (
				97A5DDE821066675002FB912 /* LaunchScreen.storyboard in Resources */,
				F24A6B3C268CD0CC00399613 /* SecretCredentials.stencil in Resources */,
				F24A6B4E268CDFE000399613 /* README.md in Resources */,
				97A5DDE521066675002FB912 /* Assets.xcassets in Resources */,
				97A5DDE321066674002FB912 /* Main.storyboard in Resources */,
			);
			runOnlyForDeploymentPostprocessing = 0;
		};
/* End PBXResourcesBuildPhase section */

/* Begin PBXShellScriptBuildPhase section */
		DD28030A652C1E52012BEEEF /* [CP] Check Pods Manifest.lock */ = {
			isa = PBXShellScriptBuildPhase;
			buildActionMask = 2147483647;
			files = (
			);
			inputFileListPaths = (
			);
			inputPaths = (
				"${PODS_PODFILE_DIR_PATH}/Podfile.lock",
				"${PODS_ROOT}/Manifest.lock",
			);
			name = "[CP] Check Pods Manifest.lock";
			outputFileListPaths = (
			);
			outputPaths = (
				"$(DERIVED_FILE_DIR)/Pods-MustC-checkManifestLockResult.txt",
			);
			runOnlyForDeploymentPostprocessing = 0;
			shellPath = /bin/sh;
			shellScript = "diff \"${PODS_PODFILE_DIR_PATH}/Podfile.lock\" \"${PODS_ROOT}/Manifest.lock\" > /dev/null\nif [ $? != 0 ] ; then\n    # print error to STDERR\n    echo \"error: The sandbox is not in sync with the Podfile.lock. Run 'pod install' or update your CocoaPods installation.\" >&2\n    exit 1\nfi\n# This output is used by Xcode 'outputs' to avoid re-running this script phase.\necho \"SUCCESS\" > \"${SCRIPT_OUTPUT_FILE_0}\"\n";
			showEnvVarsInLog = 0;
		};
		F24A6B41268CD20A00399613 /* Generate Secret Credentials */ = {
			isa = PBXShellScriptBuildPhase;
			buildActionMask = 2147483647;
			files = (
			);
			inputFileListPaths = (
			);
			inputPaths = (
			);
			name = "Generate Secret Credentials";
			outputFileListPaths = (
			);
			outputPaths = (
			);
			runOnlyForDeploymentPostprocessing = 0;
			shellPath = /bin/sh;
			shellScript = "#check if env-vars.sh exists\nif [ -f ./env-vars.sh ]\nthen\nsource ./env-vars.sh\nfi\n$PODS_ROOT/Sourcery/bin/sourcery --templates ./MustC/Templates --sources . --output ./MustC/Generated --args movieAPIKey=$MOVIE_API\n";
		};
/* End PBXShellScriptBuildPhase section */

/* Begin PBXSourcesBuildPhase section */
		97A5DDD621066674002FB912 /* Sources */ = {
			isa = PBXSourcesBuildPhase;
			buildActionMask = 2147483647;
			files = (
				F29CE715268845EC00A4BD4F /* FamilyMember+CoreDataClass.swift in Sources */,
				F24A6B4A268CD73500399613 /* SecretCredentials.generated.swift in Sources */,
				97A5DDE021066674002FB912 /* FamilyMembersViewController.swift in Sources */,
				97A5DDF621066782002FB912 /* MoviesViewController.swift in Sources */,
				97A5DDDE21066674002FB912 /* AppDelegate.swift in Sources */,
				F208C06F268A48C300E9B23F /* MovieDBHelper.swift in Sources */,
				F29CE71C2688475000A4BD4F /* NSManagedObjectContext.swift in Sources */,
				F29CE7052688392700A4BD4F /* NSPersistentContainer.swift in Sources */,
				F208C073268A4D3E00E9B23F /* MovieDBResponse.swift in Sources */,
				F29CE717268845EC00A4BD4F /* Movie+CoreDataClass.swift in Sources */,
				F29CE70F26883E8400A4BD4F /* MustC.xcdatamodeld in Sources */,
				F29CE70A26883BB800A4BD4F /* PersistentContainerRequiring.swift in Sources */,
				97A5DDFA210667BD002FB912 /* AddMovieViewController.swift in Sources */,
				97A5DDF42106670D002FB912 /* AddFamilyMemberDelegate.swift in Sources */,
				F29CE716268845EC00A4BD4F /* FamilyMember+CoreDataProperties.swift in Sources */,
				97A5DDF8210667A6002FB912 /* AddFamilyMemberViewController.swift in Sources */,
				F29CE718268845EC00A4BD4F /* Movie+CoreDataProperties.swift in Sources */,
				97A5DDF2210666EB002FB912 /* AddMovieDelegate.swift in Sources */,
			);
			runOnlyForDeploymentPostprocessing = 0;
		};
/* End PBXSourcesBuildPhase section */

/* Begin PBXVariantGroup section */
		97A5DDE121066674002FB912 /* Main.storyboard */ = {
			isa = PBXVariantGroup;
			children = (
				97A5DDE221066674002FB912 /* Base */,
			);
			name = Main.storyboard;
			sourceTree = "<group>";
		};
		97A5DDE621066675002FB912 /* LaunchScreen.storyboard */ = {
			isa = PBXVariantGroup;
			children = (
				97A5DDE721066675002FB912 /* Base */,
			);
			name = LaunchScreen.storyboard;
			sourceTree = "<group>";
		};
/* End PBXVariantGroup section */

/* Begin XCBuildConfiguration section */
		97A5DDEA21066675002FB912 /* Debug */ = {
			isa = XCBuildConfiguration;
			buildSettings = {
				ALWAYS_SEARCH_USER_PATHS = NO;
				CLANG_ANALYZER_NONNULL = YES;
				CLANG_ANALYZER_NUMBER_OBJECT_CONVERSION = YES_AGGRESSIVE;
				CLANG_CXX_LANGUAGE_STANDARD = "gnu++14";
				CLANG_CXX_LIBRARY = "libc++";
				CLANG_ENABLE_MODULES = YES;
				CLANG_ENABLE_OBJC_ARC = YES;
				CLANG_ENABLE_OBJC_WEAK = YES;
				CLANG_WARN_BLOCK_CAPTURE_AUTORELEASING = YES;
				CLANG_WARN_BOOL_CONVERSION = YES;
				CLANG_WARN_COMMA = YES;
				CLANG_WARN_CONSTANT_CONVERSION = YES;
				CLANG_WARN_DEPRECATED_OBJC_IMPLEMENTATIONS = YES;
				CLANG_WARN_DIRECT_OBJC_ISA_USAGE = YES_ERROR;
				CLANG_WARN_DOCUMENTATION_COMMENTS = YES;
				CLANG_WARN_EMPTY_BODY = YES;
				CLANG_WARN_ENUM_CONVERSION = YES;
				CLANG_WARN_INFINITE_RECURSION = YES;
				CLANG_WARN_INT_CONVERSION = YES;
				CLANG_WARN_NON_LITERAL_NULL_CONVERSION = YES;
				CLANG_WARN_OBJC_IMPLICIT_RETAIN_SELF = YES;
				CLANG_WARN_OBJC_LITERAL_CONVERSION = YES;
				CLANG_WARN_OBJC_ROOT_CLASS = YES_ERROR;
				CLANG_WARN_QUOTED_INCLUDE_IN_FRAMEWORK_HEADER = YES;
				CLANG_WARN_RANGE_LOOP_ANALYSIS = YES;
				CLANG_WARN_STRICT_PROTOTYPES = YES;
				CLANG_WARN_SUSPICIOUS_MOVE = YES;
				CLANG_WARN_UNGUARDED_AVAILABILITY = YES_AGGRESSIVE;
				CLANG_WARN_UNREACHABLE_CODE = YES;
				CLANG_WARN__DUPLICATE_METHOD_MATCH = YES;
				CODE_SIGN_IDENTITY = "iPhone Developer";
				COPY_PHASE_STRIP = NO;
				DEBUG_INFORMATION_FORMAT = dwarf;
				ENABLE_STRICT_OBJC_MSGSEND = YES;
				ENABLE_TESTABILITY = YES;
				GCC_C_LANGUAGE_STANDARD = gnu11;
				GCC_DYNAMIC_NO_PIC = NO;
				GCC_NO_COMMON_BLOCKS = YES;
				GCC_OPTIMIZATION_LEVEL = 0;
				GCC_PREPROCESSOR_DEFINITIONS = (
					"DEBUG=1",
					"$(inherited)",
				);
				GCC_WARN_64_TO_32_BIT_CONVERSION = YES;
				GCC_WARN_ABOUT_RETURN_TYPE = YES_ERROR;
				GCC_WARN_UNDECLARED_SELECTOR = YES;
				GCC_WARN_UNINITIALIZED_AUTOS = YES_AGGRESSIVE;
				GCC_WARN_UNUSED_FUNCTION = YES;
				GCC_WARN_UNUSED_VARIABLE = YES;
				IPHONEOS_DEPLOYMENT_TARGET = 12.0;
				MTL_ENABLE_DEBUG_INFO = INCLUDE_SOURCE;
				MTL_FAST_MATH = YES;
				ONLY_ACTIVE_ARCH = YES;
				SDKROOT = iphoneos;
				SWIFT_ACTIVE_COMPILATION_CONDITIONS = DEBUG;
				SWIFT_OPTIMIZATION_LEVEL = "-Onone";
			};
			name = Debug;
		};
		97A5DDEB21066675002FB912 /* Release */ = {
			isa = XCBuildConfiguration;
			buildSettings = {
				ALWAYS_SEARCH_USER_PATHS = NO;
				CLANG_ANALYZER_NONNULL = YES;
				CLANG_ANALYZER_NUMBER_OBJECT_CONVERSION = YES_AGGRESSIVE;
				CLANG_CXX_LANGUAGE_STANDARD = "gnu++14";
				CLANG_CXX_LIBRARY = "libc++";
				CLANG_ENABLE_MODULES = YES;
				CLANG_ENABLE_OBJC_ARC = YES;
				CLANG_ENABLE_OBJC_WEAK = YES;
				CLANG_WARN_BLOCK_CAPTURE_AUTORELEASING = YES;
				CLANG_WARN_BOOL_CONVERSION = YES;
				CLANG_WARN_COMMA = YES;
				CLANG_WARN_CONSTANT_CONVERSION = YES;
				CLANG_WARN_DEPRECATED_OBJC_IMPLEMENTATIONS = YES;
				CLANG_WARN_DIRECT_OBJC_ISA_USAGE = YES_ERROR;
				CLANG_WARN_DOCUMENTATION_COMMENTS = YES;
				CLANG_WARN_EMPTY_BODY = YES;
				CLANG_WARN_ENUM_CONVERSION = YES;
				CLANG_WARN_INFINITE_RECURSION = YES;
				CLANG_WARN_INT_CONVERSION = YES;
				CLANG_WARN_NON_LITERAL_NULL_CONVERSION = YES;
				CLANG_WARN_OBJC_IMPLICIT_RETAIN_SELF = YES;
				CLANG_WARN_OBJC_LITERAL_CONVERSION = YES;
				CLANG_WARN_OBJC_ROOT_CLASS = YES_ERROR;
				CLANG_WARN_QUOTED_INCLUDE_IN_FRAMEWORK_HEADER = YES;
				CLANG_WARN_RANGE_LOOP_ANALYSIS = YES;
				CLANG_WARN_STRICT_PROTOTYPES = YES;
				CLANG_WARN_SUSPICIOUS_MOVE = YES;
				CLANG_WARN_UNGUARDED_AVAILABILITY = YES_AGGRESSIVE;
				CLANG_WARN_UNREACHABLE_CODE = YES;
				CLANG_WARN__DUPLICATE_METHOD_MATCH = YES;
				CODE_SIGN_IDENTITY = "iPhone Developer";
				COPY_PHASE_STRIP = NO;
				DEBUG_INFORMATION_FORMAT = "dwarf-with-dsym";
				ENABLE_NS_ASSERTIONS = NO;
				ENABLE_STRICT_OBJC_MSGSEND = YES;
				GCC_C_LANGUAGE_STANDARD = gnu11;
				GCC_NO_COMMON_BLOCKS = YES;
				GCC_WARN_64_TO_32_BIT_CONVERSION = YES;
				GCC_WARN_ABOUT_RETURN_TYPE = YES_ERROR;
				GCC_WARN_UNDECLARED_SELECTOR = YES;
				GCC_WARN_UNINITIALIZED_AUTOS = YES_AGGRESSIVE;
				GCC_WARN_UNUSED_FUNCTION = YES;
				GCC_WARN_UNUSED_VARIABLE = YES;
				IPHONEOS_DEPLOYMENT_TARGET = 12.0;
				MTL_ENABLE_DEBUG_INFO = NO;
				MTL_FAST_MATH = YES;
				SDKROOT = iphoneos;
				SWIFT_COMPILATION_MODE = wholemodule;
				SWIFT_OPTIMIZATION_LEVEL = "-O";
				VALIDATE_PRODUCT = YES;
			};
			name = Release;
		};
		97A5DDED21066675002FB912 /* Debug */ = {
			isa = XCBuildConfiguration;
			baseConfigurationReference = 4CA652B67C866AD5226C1118 /* Pods-MustC.debug.xcconfig */;
			buildSettings = {
				ASSETCATALOG_COMPILER_APPICON_NAME = AppIcon;
				CODE_SIGN_STYLE = Automatic;
				DEVELOPMENT_TEAM = 4WZFDA97N8;
				INFOPLIST_FILE = MustC/Info.plist;
				LD_RUNPATH_SEARCH_PATHS = (
					"$(inherited)",
					"@executable_path/Frameworks",
				);
				PRODUCT_BUNDLE_IDENTIFIER = com.donnywals.MustC;
				PRODUCT_NAME = "$(TARGET_NAME)";
				SWIFT_VERSION = 5.0;
				TARGETED_DEVICE_FAMILY = "1,2";
			};
			name = Debug;
		};
		97A5DDEE21066675002FB912 /* Release */ = {
			isa = XCBuildConfiguration;
			baseConfigurationReference = 04C7BB3A95384364A0072654 /* Pods-MustC.release.xcconfig */;
			buildSettings = {
				ASSETCATALOG_COMPILER_APPICON_NAME = AppIcon;
				CODE_SIGN_STYLE = Automatic;
				DEVELOPMENT_TEAM = 4WZFDA97N8;
				INFOPLIST_FILE = MustC/Info.plist;
				LD_RUNPATH_SEARCH_PATHS = (
					"$(inherited)",
					"@executable_path/Frameworks",
				);
				PRODUCT_BUNDLE_IDENTIFIER = com.donnywals.MustC;
				PRODUCT_NAME = "$(TARGET_NAME)";
				SWIFT_VERSION = 5.0;
				TARGETED_DEVICE_FAMILY = "1,2";
			};
			name = Release;
		};
/* End XCBuildConfiguration section */

/* Begin XCConfigurationList section */
		97A5DDD521066673002FB912 /* Build configuration list for PBXProject "MustC" */ = {
			isa = XCConfigurationList;
			buildConfigurations = (
				97A5DDEA21066675002FB912 /* Debug */,
				97A5DDEB21066675002FB912 /* Release */,
			);
			defaultConfigurationIsVisible = 0;
			defaultConfigurationName = Release;
		};
		97A5DDEC21066675002FB912 /* Build configuration list for PBXNativeTarget "MustC" */ = {
			isa = XCConfigurationList;
			buildConfigurations = (
				97A5DDED21066675002FB912 /* Debug */,
				97A5DDEE21066675002FB912 /* Release */,
			);
			defaultConfigurationIsVisible = 0;
			defaultConfigurationName = Release;
		};
/* End XCConfigurationList section */

/* Begin XCVersionGroup section */
		F29CE70D26883E8400A4BD4F /* MustC.xcdatamodeld */ = {
			isa = XCVersionGroup;
			children = (
				F29CE70E26883E8400A4BD4F /* MustC.xcdatamodel */,
			);
			currentVersion = F29CE70E26883E8400A4BD4F /* MustC.xcdatamodel */;
			path = MustC.xcdatamodeld;
			sourceTree = "<group>";
			versionGroupType = wrapper.xcdatamodel;
		};
/* End XCVersionGroup section */
	};
	rootObject = 97A5DDD221066673002FB912 /* Project object */;
}
